{
  "version": 4,
  "terraform_version": "1.13.4",
  "serial": 111,
  "lineage": "4d552318-91ef-2ddb-ff75-5fcb8947eb89",
  "outputs": {
    "vault_admin_token": {
      "value": "hvs.CAESIJwnADUAaFSpoFTkgrodIWXsEdwQM4fkiQIeXhIPatRfGicKImh2cy5YN1hzaUc5TWJMcklOdXpqWkRBQzNEeHEueWxadDEQrQE",
      "type": "string",
      "sensitive": true
    },
    "vault_cluster_id": {
      "value": "my-vault-cluster",
      "type": "string"
    },
    "vault_namespace": {
      "value": "admin",
      "type": "string"
    },
    "vault_private_url": {
      "value": "https://my-vault-cluster-private-vault-be763351.2e7c6e6c.z1.hashicorp.cloud:8200",
      "type": "string"
    }
  },
  "resources": [
    {
      "mode": "data",
      "type": "aws_vpc",
      "name": "frontend_vpc_sg",
      "provider": "provider[\"registry.terraform.io/hashicorp/aws\"]",
      "instances": [
        {
          "schema_version": 0,
          "attributes": {
            "arn": "arn:aws:ec2:ap-southeast-1:054721838790:vpc/vpc-0f113da8988463296",
            "cidr_block": "10.0.0.0/16",
            "cidr_block_associations": [
              {
                "association_id": "vpc-cidr-assoc-0c7bdea2aa41bf338",
                "cidr_block": "10.0.0.0/16",
                "state": "associated"
              }
            ],
            "default": false,
            "dhcp_options_id": "dopt-052b6b69c4a692dd2",
            "enable_dns_hostnames": true,
            "enable_dns_support": true,
            "enable_network_address_usage_metrics": false,
            "filter": null,
            "id": "vpc-0f113da8988463296",
            "instance_tenancy": "default",
            "ipv6_association_id": "",
            "ipv6_cidr_block": "",
            "main_route_table_id": "rtb-0024b8e63433a658f",
            "owner_id": "054721838790",
            "region": "ap-southeast-1",
            "state": null,
            "tags": {
              "Name": "frontend_vpc_sg",
              "Region": "ap-southeast-1"
            },
            "timeouts": null
          },
          "sensitive_attributes": [],
          "identity_schema_version": 0
        }
      ]
    },
    {
      "mode": "managed",
      "type": "aws_eip",
      "name": "ec2_eip",
      "provider": "provider[\"registry.terraform.io/hashicorp/aws\"]",
      "instances": [
        {
          "schema_version": 0,
          "attributes": {
            "address": null,
            "allocation_id": "eipalloc-08f78cc1488e9579c",
            "arn": "arn:aws:ec2:ap-southeast-1:054721838790:elastic-ip/eipalloc-08f78cc1488e9579c",
            "associate_with_private_ip": null,
            "association_id": "eipassoc-0f22d7a9934b9e9fb",
            "carrier_ip": "",
            "customer_owned_ip": "",
            "customer_owned_ipv4_pool": "",
            "domain": "vpc",
            "id": "eipalloc-08f78cc1488e9579c",
            "instance": "i-0675017fd43004b6a",
            "ipam_pool_id": null,
            "network_border_group": "ap-southeast-1",
            "network_interface": "eni-06f78c1d17d7aba30",
            "private_dns": "ip-10-0-1-37.ap-southeast-1.compute.internal",
            "private_ip": "10.0.1.37",
            "ptr_record": "",
            "public_dns": "ec2-13-229-17-57.ap-southeast-1.compute.amazonaws.com",
            "public_ip": "13.229.17.57",
            "public_ipv4_pool": "amazon",
            "region": "ap-southeast-1",
            "tags": {
              "Name": "public-srv-eip"
            },
            "tags_all": {
              "Name": "public-srv-eip"
            },
            "timeouts": null
          },
          "sensitive_attributes": [],
          "identity_schema_version": 0,
          "private": "eyJlMmJmYjczMC1lY2FhLTExZTYtOGY4OC0zNDM2M2JjN2M0YzAiOnsiZGVsZXRlIjoxODAwMDAwMDAwMDAsInJlYWQiOjkwMDAwMDAwMDAwMCwidXBkYXRlIjozMDAwMDAwMDAwMDB9fQ==",
          "dependencies": [
            "aws_iam_instance_profile.ec2_ssm_profile_1",
            "aws_iam_role.ec2_ssm_role_1",
            "aws_instance.frontend_srv",
            "aws_security_group.frontend_security",
            "aws_subnet.frontend_private",
            "aws_vpc.frontend_vpc_sg"
          ]
        }
      ]
    },
    {
      "mode": "managed",
      "type": "aws_eip",
      "name": "nat_eip_a",
      "provider": "provider[\"registry.terraform.io/hashicorp/aws\"]",
      "instances": [
        {
          "schema_version": 0,
          "attributes": {
            "address": null,
            "allocation_id": "eipalloc-0daec3b9e2cebe802",
            "arn": "arn:aws:ec2:ap-southeast-1:054721838790:elastic-ip/eipalloc-0daec3b9e2cebe802",
            "associate_with_private_ip": null,
            "association_id": "eipassoc-0c48a7bb6220a5e0b",
            "carrier_ip": "",
            "customer_owned_ip": "",
            "customer_owned_ipv4_pool": "",
            "domain": "vpc",
            "id": "eipalloc-0daec3b9e2cebe802",
            "instance": "",
            "ipam_pool_id": null,
            "network_border_group": "ap-southeast-1",
            "network_interface": "eni-0f6c529475c06f445",
            "private_dns": "ip-10-0-1-147.ap-southeast-1.compute.internal",
            "private_ip": "10.0.1.147",
            "ptr_record": "",
            "public_dns": "ec2-3-0-136-55.ap-southeast-1.compute.amazonaws.com",
            "public_ip": "3.0.136.55",
            "public_ipv4_pool": "amazon",
            "region": "ap-southeast-1",
            "tags": {
              "Name": "nat-eip-a"
            },
            "tags_all": {
              "Name": "nat-eip-a"
            },
            "timeouts": null
          },
          "sensitive_attributes": [],
          "identity_schema_version": 0,
          "private": "eyJlMmJmYjczMC1lY2FhLTExZTYtOGY4OC0zNDM2M2JjN2M0YzAiOnsiZGVsZXRlIjoxODAwMDAwMDAwMDAsInJlYWQiOjkwMDAwMDAwMDAwMCwidXBkYXRlIjozMDAwMDAwMDAwMDB9fQ=="
        }
      ]
    },
    {
      "mode": "managed",
      "type": "aws_iam_instance_profile",
      "name": "ec2_ssm_profile_1",
      "provider": "provider[\"registry.terraform.io/hashicorp/aws\"]",
      "instances": [
        {
          "schema_version": 0,
          "attributes": {
            "arn": "arn:aws:iam::054721838790:instance-profile/EC2-SSM-Instance-Profile_1",
            "create_date": "2025-10-23T13:51:13Z",
            "id": "EC2-SSM-Instance-Profile_1",
            "name": "EC2-SSM-Instance-Profile_1",
            "name_prefix": "",
            "path": "/",
            "role": "EC2-SSM-Role_1",
            "tags": {},
            "tags_all": {},
            "unique_id": "AIPAQZPNM73DBALEBC76X"
          },
          "sensitive_attributes": [],
          "identity_schema_version": 0,
          "private": "bnVsbA==",
          "dependencies": [
            "aws_iam_role.ec2_ssm_role_1"
          ]
        }
      ]
    },
    {
      "mode": "managed",
      "type": "aws_iam_role",
      "name": "ec2_ssm_role_1",
      "provider": "provider[\"registry.terraform.io/hashicorp/aws\"]",
      "instances": [
        {
          "schema_version": 0,
          "attributes": {
            "arn": "arn:aws:iam::054721838790:role/EC2-SSM-Role_1",
            "assume_role_policy": "{\"Statement\":[{\"Action\":\"sts:AssumeRole\",\"Effect\":\"Allow\",\"Principal\":{\"Service\":\"ec2.amazonaws.com\"}}],\"Version\":\"2012-10-17\"}",
            "create_date": "2025-10-23T13:51:11Z",
            "description": "",
            "force_detach_policies": false,
            "id": "EC2-SSM-Role_1",
            "inline_policy": [],
            "managed_policy_arns": [
              "arn:aws:iam::aws:policy/AmazonSSMManagedInstanceCore"
            ],
            "max_session_duration": 3600,
            "name": "EC2-SSM-Role_1",
            "name_prefix": "",
            "path": "/",
            "permissions_boundary": "",
            "tags": {
              "Name": "EC2-SSM-Role_1"
            },
            "tags_all": {
              "Name": "EC2-SSM-Role_1"
            },
            "unique_id": "AROAQZPNM73DAE7B2XZYV"
          },
          "sensitive_attributes": [],
          "identity_schema_version": 0,
          "identity": {
            "account_id": "054721838790",
            "name": "EC2-SSM-Role_1"
          },
          "private": "bnVsbA=="
        }
      ]
    },
    {
      "mode": "managed",
      "type": "aws_iam_role_policy_attachment",
      "name": "ssm_core",
      "provider": "provider[\"registry.terraform.io/hashicorp/aws\"]",
      "instances": [
        {
          "schema_version": 0,
          "attributes": {
            "id": "EC2-SSM-Role_1/arn:aws:iam::aws:policy/AmazonSSMManagedInstanceCore",
            "policy_arn": "arn:aws:iam::aws:policy/AmazonSSMManagedInstanceCore",
            "role": "EC2-SSM-Role_1"
          },
          "sensitive_attributes": [],
          "identity_schema_version": 0,
          "identity": {
            "account_id": "054721838790",
            "policy_arn": "arn:aws:iam::aws:policy/AmazonSSMManagedInstanceCore",
            "role": "EC2-SSM-Role_1"
          },
          "private": "bnVsbA==",
          "dependencies": [
            "aws_iam_role.ec2_ssm_role_1"
          ]
        }
      ]
    },
    {
      "mode": "managed",
      "type": "aws_instance",
      "name": "backend_srv",
      "provider": "provider[\"registry.terraform.io/hashicorp/aws\"]",
      "instances": [
        {
          "schema_version": 2,
          "attributes": {
            "ami": "ami-0ffd8e96d1336b6ac",
            "arn": "arn:aws:ec2:ap-southeast-1:054721838790:instance/i-0921fa63257195b30",
            "associate_public_ip_address": false,
            "availability_zone": "ap-southeast-1a",
            "capacity_reservation_specification": [
              {
                "capacity_reservation_preference": "open",
                "capacity_reservation_target": []
              }
            ],
            "cpu_options": [
              {
                "amd_sev_snp": "",
                "core_count": 1,
                "threads_per_core": 1
              }
            ],
            "credit_specification": [
              {
                "cpu_credits": "standard"
              }
            ],
            "disable_api_stop": false,
            "disable_api_termination": false,
            "ebs_block_device": [],
            "ebs_optimized": false,
            "enable_primary_ipv6": null,
            "enclave_options": [
              {
                "enabled": false
              }
            ],
            "ephemeral_block_device": [],
            "force_destroy": false,
            "get_password_data": false,
            "hibernation": false,
            "host_id": "",
            "host_resource_group_arn": null,
            "iam_instance_profile": "EC2-SSM-Instance-Profile_1",
            "id": "i-0921fa63257195b30",
            "instance_initiated_shutdown_behavior": "stop",
            "instance_lifecycle": "",
            "instance_market_options": [],
            "instance_state": "running",
            "instance_type": "t2.micro",
            "ipv6_address_count": 0,
            "ipv6_addresses": [],
            "key_name": "",
            "launch_template": [],
            "maintenance_options": [
              {
                "auto_recovery": "default"
              }
            ],
            "metadata_options": [
              {
                "http_endpoint": "enabled",
                "http_protocol_ipv6": "disabled",
                "http_put_response_hop_limit": 2,
                "http_tokens": "required",
                "instance_metadata_tags": "disabled"
              }
            ],
            "monitoring": false,
            "network_interface": [],
            "outpost_arn": "",
            "password_data": "",
            "placement_group": "",
            "placement_group_id": "",
            "placement_partition_number": 0,
            "primary_network_interface": [
              {
                "delete_on_termination": true,
                "network_interface_id": "eni-0852e5fcc190970f2"
              }
            ],
            "primary_network_interface_id": "eni-0852e5fcc190970f2",
            "private_dns": "ip-20-0-1-224.ap-southeast-1.compute.internal",
            "private_dns_name_options": [
              {
                "enable_resource_name_dns_a_record": false,
                "enable_resource_name_dns_aaaa_record": false,
                "hostname_type": "ip-name"
              }
            ],
            "private_ip": "20.0.1.224",
            "public_dns": "",
            "public_ip": "",
            "region": "ap-southeast-1",
            "root_block_device": [
              {
                "delete_on_termination": true,
                "device_name": "/dev/xvda",
                "encrypted": false,
                "iops": 3000,
                "kms_key_id": "",
                "tags": {},
                "tags_all": {},
                "throughput": 125,
                "volume_id": "vol-0b5d962020cc59e44",
                "volume_size": 8,
                "volume_type": "gp3"
              }
            ],
            "secondary_private_ips": [],
            "security_groups": [],
            "source_dest_check": true,
            "spot_instance_request_id": "",
            "subnet_id": "subnet-0b00ce66a48bdd382",
            "tags": {
              "Name": "backend-srv"
            },
            "tags_all": {
              "Name": "backend-srv"
            },
            "tenancy": "default",
            "timeouts": null,
            "user_data": null,
            "user_data_base64": null,
            "user_data_replace_on_change": false,
            "volume_tags": null,
            "vpc_security_group_ids": [
              "sg-0bb1c9d2aec35c85e"
            ]
          },
          "sensitive_attributes": [],
          "identity_schema_version": 0,
          "identity": {
            "account_id": "054721838790",
            "id": "i-0921fa63257195b30",
            "region": "ap-southeast-1"
          },
          "private": "eyJlMmJmYjczMC1lY2FhLTExZTYtOGY4OC0zNDM2M2JjN2M0YzAiOnsiY3JlYXRlIjo2MDAwMDAwMDAwMDAsImRlbGV0ZSI6MTIwMDAwMDAwMDAwMCwicmVhZCI6OTAwMDAwMDAwMDAwLCJ1cGRhdGUiOjYwMDAwMDAwMDAwMH0sInNjaGVtYV92ZXJzaW9uIjoiMiJ9",
          "dependencies": [
            "aws_iam_instance_profile.ec2_ssm_profile_1",
            "aws_iam_role.ec2_ssm_role_1",
            "aws_security_group.backend_security",
            "aws_subnet.backend_private",
            "aws_vpc.backend_vpc_sg"
          ]
        }
      ]
    },
    {
      "mode": "managed",
      "type": "aws_instance",
      "name": "frontend_srv",
      "provider": "provider[\"registry.terraform.io/hashicorp/aws\"]",
      "instances": [
        {
          "schema_version": 2,
          "attributes": {
            "ami": "ami-0ffd8e96d1336b6ac",
            "arn": "arn:aws:ec2:ap-southeast-1:054721838790:instance/i-0675017fd43004b6a",
            "associate_public_ip_address": true,
            "availability_zone": "ap-southeast-1b",
            "capacity_reservation_specification": [
              {
                "capacity_reservation_preference": "open",
                "capacity_reservation_target": []
              }
            ],
            "cpu_options": [
              {
                "amd_sev_snp": "",
                "core_count": 1,
                "threads_per_core": 1
              }
            ],
            "credit_specification": [
              {
                "cpu_credits": "standard"
              }
            ],
            "disable_api_stop": false,
            "disable_api_termination": false,
            "ebs_block_device": [],
            "ebs_optimized": false,
            "enable_primary_ipv6": null,
            "enclave_options": [
              {
                "enabled": false
              }
            ],
            "ephemeral_block_device": [],
            "force_destroy": false,
            "get_password_data": false,
            "hibernation": false,
            "host_id": "",
            "host_resource_group_arn": null,
            "iam_instance_profile": "EC2-SSM-Instance-Profile_1",
            "id": "i-0675017fd43004b6a",
            "instance_initiated_shutdown_behavior": "stop",
            "instance_lifecycle": "",
            "instance_market_options": [],
            "instance_state": "running",
            "instance_type": "t2.micro",
            "ipv6_address_count": 0,
            "ipv6_addresses": [],
            "key_name": "",
            "launch_template": [],
            "maintenance_options": [
              {
                "auto_recovery": "default"
              }
            ],
            "metadata_options": [
              {
                "http_endpoint": "enabled",
                "http_protocol_ipv6": "disabled",
                "http_put_response_hop_limit": 2,
                "http_tokens": "required",
                "instance_metadata_tags": "disabled"
              }
            ],
            "monitoring": false,
            "network_interface": [],
            "outpost_arn": "",
            "password_data": "",
            "placement_group": "",
            "placement_group_id": "",
            "placement_partition_number": 0,
            "primary_network_interface": [
              {
                "delete_on_termination": true,
                "network_interface_id": "eni-06f78c1d17d7aba30"
              }
            ],
            "primary_network_interface_id": "eni-06f78c1d17d7aba30",
            "private_dns": "ip-10-0-1-37.ap-southeast-1.compute.internal",
            "private_dns_name_options": [
              {
                "enable_resource_name_dns_a_record": false,
                "enable_resource_name_dns_aaaa_record": false,
                "hostname_type": "ip-name"
              }
            ],
            "private_ip": "10.0.1.37",
            "public_dns": "ec2-13-229-17-57.ap-southeast-1.compute.amazonaws.com",
            "public_ip": "13.229.17.57",
            "region": "ap-southeast-1",
            "root_block_device": [
              {
                "delete_on_termination": true,
                "device_name": "/dev/xvda",
                "encrypted": false,
                "iops": 3000,
                "kms_key_id": "",
                "tags": {},
                "tags_all": {},
                "throughput": 125,
                "volume_id": "vol-061a45c456ac307dd",
                "volume_size": 8,
                "volume_type": "gp3"
              }
            ],
            "secondary_private_ips": [],
            "security_groups": [],
            "source_dest_check": true,
            "spot_instance_request_id": "",
            "subnet_id": "subnet-0f48cb3db8abdf0fd",
            "tags": {
              "Name": "frontend-srv"
            },
            "tags_all": {
              "Name": "frontend-srv"
            },
            "tenancy": "default",
            "timeouts": null,
            "user_data": "    sudo yum install -y yum-utils\n    sudo yum-config-manager --add-repo https://rpm.releases.hashicorp.com/AmazonLinux/hashicorp.repo",
            "user_data_base64": null,
            "user_data_replace_on_change": false,
            "volume_tags": null,
            "vpc_security_group_ids": [
              "sg-002416052935dbd17"
            ]
          },
          "sensitive_attributes": [],
          "identity_schema_version": 0,
          "identity": {
            "account_id": "054721838790",
            "id": "i-0675017fd43004b6a",
            "region": "ap-southeast-1"
          },
          "private": "eyJlMmJmYjczMC1lY2FhLTExZTYtOGY4OC0zNDM2M2JjN2M0YzAiOnsiY3JlYXRlIjo2MDAwMDAwMDAwMDAsImRlbGV0ZSI6MTIwMDAwMDAwMDAwMCwicmVhZCI6OTAwMDAwMDAwMDAwLCJ1cGRhdGUiOjYwMDAwMDAwMDAwMH0sInNjaGVtYV92ZXJzaW9uIjoiMiJ9",
          "dependencies": [
            "aws_iam_instance_profile.ec2_ssm_profile_1",
            "aws_iam_role.ec2_ssm_role_1",
            "aws_security_group.frontend_security",
            "aws_subnet.frontend_private",
            "aws_vpc.frontend_vpc_sg"
          ]
        }
      ]
    },
    {
      "mode": "managed",
      "type": "aws_internet_gateway",
      "name": "igw_sg",
      "provider": "provider[\"registry.terraform.io/hashicorp/aws\"]",
      "instances": [
        {
          "schema_version": 0,
          "attributes": {
            "arn": "arn:aws:ec2:ap-southeast-1:054721838790:internet-gateway/igw-0d96054b6ed63137b",
            "id": "igw-0d96054b6ed63137b",
            "owner_id": "054721838790",
            "region": "ap-southeast-1",
            "tags": {
              "Name": "igw_sg"
            },
            "tags_all": {
              "Name": "igw_sg"
            },
            "timeouts": null,
            "vpc_id": "vpc-0f113da8988463296"
          },
          "sensitive_attributes": [],
          "identity_schema_version": 0,
          "private": "eyJlMmJmYjczMC1lY2FhLTExZTYtOGY4OC0zNDM2M2JjN2M0YzAiOnsiY3JlYXRlIjoxMjAwMDAwMDAwMDAwLCJkZWxldGUiOjEyMDAwMDAwMDAwMDAsInVwZGF0ZSI6MTIwMDAwMDAwMDAwMH19",
          "dependencies": [
            "aws_vpc.frontend_vpc_sg"
          ]
        }
      ]
    },
    {
      "mode": "managed",
      "type": "aws_nat_gateway",
      "name": "natgw_a",
      "provider": "provider[\"registry.terraform.io/hashicorp/aws\"]",
      "instances": [
        {
          "schema_version": 0,
          "attributes": {
            "allocation_id": "eipalloc-0daec3b9e2cebe802",
            "association_id": "eipassoc-0c48a7bb6220a5e0b",
            "connectivity_type": "public",
            "id": "nat-0c0560db0356c0d19",
            "network_interface_id": "eni-0f6c529475c06f445",
            "private_ip": "10.0.1.147",
            "public_ip": "3.0.136.55",
            "region": "ap-southeast-1",
            "secondary_allocation_ids": [],
            "secondary_private_ip_address_count": 0,
            "secondary_private_ip_addresses": [],
            "subnet_id": "subnet-0f48cb3db8abdf0fd",
            "tags": {
              "Name": "natgw-a"
            },
            "tags_all": {
              "Name": "natgw-a"
            },
            "timeouts": null
          },
          "sensitive_attributes": [],
          "identity_schema_version": 0,
          "private": "eyJlMmJmYjczMC1lY2FhLTExZTYtOGY4OC0zNDM2M2JjN2M0YzAiOnsiY3JlYXRlIjo2MDAwMDAwMDAwMDAsImRlbGV0ZSI6MTgwMDAwMDAwMDAwMCwidXBkYXRlIjo2MDAwMDAwMDAwMDB9fQ==",
          "dependencies": [
            "aws_eip.nat_eip_a",
            "aws_internet_gateway.igw_sg",
            "aws_subnet.frontend_private",
            "aws_vpc.frontend_vpc_sg"
          ]
        }
      ]
    },
    {
      "mode": "managed",
      "type": "aws_route",
      "name": "aws_to_hvn",
      "provider": "provider[\"registry.terraform.io/hashicorp/aws\"]",
      "instances": [
        {
          "schema_version": 0,
          "attributes": {
            "carrier_gateway_id": "",
            "core_network_arn": "",
            "destination_cidr_block": "192.168.0.0/20",
            "destination_ipv6_cidr_block": "",
            "destination_prefix_list_id": "",
            "egress_only_gateway_id": "",
            "gateway_id": "",
            "id": "r-rtb-0024b8e63433a658f719218358",
            "instance_id": "",
            "instance_owner_id": "",
            "local_gateway_id": "",
            "nat_gateway_id": "",
            "network_interface_id": "",
            "origin": "CreateRoute",
            "region": "ap-southeast-1",
            "route_table_id": "rtb-0024b8e63433a658f",
            "state": "active",
            "timeouts": null,
            "transit_gateway_id": "",
            "vpc_endpoint_id": "",
            "vpc_peering_connection_id": "pcx-0bec3c7b468010c4a"
          },
          "sensitive_attributes": [],
          "identity_schema_version": 0,
          "identity": {
            "account_id": "054721838790",
            "destination_cidr_block": "192.168.0.0/20",
            "destination_ipv6_cidr_block": null,
            "destination_prefix_list_id": null,
            "region": "ap-southeast-1",
            "route_table_id": "rtb-0024b8e63433a658f"
          },
          "private": "eyJlMmJmYjczMC1lY2FhLTExZTYtOGY4OC0zNDM2M2JjN2M0YzAiOnsiY3JlYXRlIjozMDAwMDAwMDAwMDAsImRlbGV0ZSI6MzAwMDAwMDAwMDAwLCJ1cGRhdGUiOjEyMDAwMDAwMDAwMH19",
          "dependencies": [
            "aws_vpc.frontend_vpc_sg",
            "aws_vpc_peering_connection_accepter.peer",
            "data.aws_vpc.frontend_vpc_sg",
            "hcp_aws_network_peering.peer",
            "hcp_hvn.vault_hvn"
          ]
        }
      ]
    },
    {
      "mode": "managed",
      "type": "aws_route",
      "name": "backend_peer_rt",
      "provider": "provider[\"registry.terraform.io/hashicorp/aws\"]",
      "instances": [
        {
          "schema_version": 0,
          "attributes": {
            "carrier_gateway_id": "",
            "core_network_arn": "",
            "destination_cidr_block": "10.0.0.0/16",
            "destination_ipv6_cidr_block": "",
            "destination_prefix_list_id": "",
            "egress_only_gateway_id": "",
            "gateway_id": "",
            "id": "r-rtb-099fd3424edc1cccc179966490",
            "instance_id": "",
            "instance_owner_id": "",
            "local_gateway_id": "",
            "nat_gateway_id": "",
            "network_interface_id": "",
            "origin": "CreateRoute",
            "region": "ap-southeast-1",
            "route_table_id": "rtb-099fd3424edc1cccc",
            "state": "active",
            "timeouts": null,
            "transit_gateway_id": "",
            "vpc_endpoint_id": "",
            "vpc_peering_connection_id": "pcx-0f981d3f72bd3385d"
          },
          "sensitive_attributes": [],
          "identity_schema_version": 0,
          "identity": {
            "account_id": "054721838790",
            "destination_cidr_block": "10.0.0.0/16",
            "destination_ipv6_cidr_block": null,
            "destination_prefix_list_id": null,
            "region": "ap-southeast-1",
            "route_table_id": "rtb-099fd3424edc1cccc"
          },
          "private": "eyJlMmJmYjczMC1lY2FhLTExZTYtOGY4OC0zNDM2M2JjN2M0YzAiOnsiY3JlYXRlIjozMDAwMDAwMDAwMDAsImRlbGV0ZSI6MzAwMDAwMDAwMDAwLCJ1cGRhdGUiOjEyMDAwMDAwMDAwMH19",
          "dependencies": [
            "aws_route_table.backend_rt",
            "aws_vpc.backend_vpc_sg",
            "aws_vpc.frontend_vpc_sg",
            "aws_vpc_peering_connection.sample_peer"
          ]
        }
      ]
    },
    {
      "mode": "managed",
      "type": "aws_route",
      "name": "frontend_peer_rt",
      "provider": "provider[\"registry.terraform.io/hashicorp/aws\"]",
      "instances": [
        {
          "schema_version": 0,
          "attributes": {
            "carrier_gateway_id": "",
            "core_network_arn": "",
            "destination_cidr_block": "20.0.0.0/16",
            "destination_ipv6_cidr_block": "",
            "destination_prefix_list_id": "",
            "egress_only_gateway_id": "",
            "gateway_id": "",
            "id": "r-rtb-0b22cfadfa9b761a72472047643",
            "instance_id": "",
            "instance_owner_id": "",
            "local_gateway_id": "",
            "nat_gateway_id": "",
            "network_interface_id": "",
            "origin": "CreateRoute",
            "region": "ap-southeast-1",
            "route_table_id": "rtb-0b22cfadfa9b761a7",
            "state": "active",
            "timeouts": null,
            "transit_gateway_id": "",
            "vpc_endpoint_id": "",
            "vpc_peering_connection_id": "pcx-0f981d3f72bd3385d"
          },
          "sensitive_attributes": [],
          "identity_schema_version": 0,
          "identity": {
            "account_id": "054721838790",
            "destination_cidr_block": "20.0.0.0/16",
            "destination_ipv6_cidr_block": null,
            "destination_prefix_list_id": null,
            "region": "ap-southeast-1",
            "route_table_id": "rtb-0b22cfadfa9b761a7"
          },
          "private": "eyJlMmJmYjczMC1lY2FhLTExZTYtOGY4OC0zNDM2M2JjN2M0YzAiOnsiY3JlYXRlIjozMDAwMDAwMDAwMDAsImRlbGV0ZSI6MzAwMDAwMDAwMDAwLCJ1cGRhdGUiOjEyMDAwMDAwMDAwMH19",
          "dependencies": [
            "aws_route_table.frontend_rt",
            "aws_vpc.backend_vpc_sg",
            "aws_vpc.frontend_vpc_sg",
            "aws_vpc_peering_connection.sample_peer"
          ]
        }
      ]
    },
    {
      "mode": "managed",
      "type": "aws_route",
      "name": "public_default_to_igw",
      "provider": "provider[\"registry.terraform.io/hashicorp/aws\"]",
      "instances": [
        {
          "schema_version": 0,
          "attributes": {
            "carrier_gateway_id": "",
            "core_network_arn": "",
            "destination_cidr_block": "0.0.0.0/0",
            "destination_ipv6_cidr_block": "",
            "destination_prefix_list_id": "",
            "egress_only_gateway_id": "",
            "gateway_id": "igw-0d96054b6ed63137b",
            "id": "r-rtb-02bd792a661bb067f1080289494",
            "instance_id": "",
            "instance_owner_id": "",
            "local_gateway_id": "",
            "nat_gateway_id": "",
            "network_interface_id": "",
            "origin": "CreateRoute",
            "region": "ap-southeast-1",
            "route_table_id": "rtb-02bd792a661bb067f",
            "state": "active",
            "timeouts": null,
            "transit_gateway_id": "",
            "vpc_endpoint_id": "",
            "vpc_peering_connection_id": ""
          },
          "sensitive_attributes": [],
          "identity_schema_version": 0,
          "identity": {
            "account_id": "054721838790",
            "destination_cidr_block": "0.0.0.0/0",
            "destination_ipv6_cidr_block": null,
            "destination_prefix_list_id": null,
            "region": "ap-southeast-1",
            "route_table_id": "rtb-02bd792a661bb067f"
          },
          "private": "eyJlMmJmYjczMC1lY2FhLTExZTYtOGY4OC0zNDM2M2JjN2M0YzAiOnsiY3JlYXRlIjozMDAwMDAwMDAwMDAsImRlbGV0ZSI6MzAwMDAwMDAwMDAwLCJ1cGRhdGUiOjEyMDAwMDAwMDAwMH19",
          "dependencies": [
            "aws_internet_gateway.igw_sg",
            "aws_route_table.public_rt_sg",
            "aws_vpc.frontend_vpc_sg"
          ]
        }
      ]
    },
    {
      "mode": "managed",
      "type": "aws_route_table",
      "name": "backend_rt",
      "provider": "provider[\"registry.terraform.io/hashicorp/aws\"]",
      "instances": [
        {
          "schema_version": 0,
          "attributes": {
            "arn": "arn:aws:ec2:ap-southeast-1:054721838790:route-table/rtb-099fd3424edc1cccc",
            "id": "rtb-099fd3424edc1cccc",
            "owner_id": "054721838790",
            "propagating_vgws": [],
            "region": "ap-southeast-1",
            "route": [
              {
                "carrier_gateway_id": "",
                "cidr_block": "10.0.0.0/16",
                "core_network_arn": "",
                "destination_prefix_list_id": "",
                "egress_only_gateway_id": "",
                "gateway_id": "",
                "ipv6_cidr_block": "",
                "local_gateway_id": "",
                "nat_gateway_id": "",
                "network_interface_id": "",
                "transit_gateway_id": "",
                "vpc_endpoint_id": "",
                "vpc_peering_connection_id": "pcx-0f981d3f72bd3385d"
              }
            ],
            "tags": {
              "Name": "backend_rt"
            },
            "tags_all": {
              "Name": "backend_rt"
            },
            "timeouts": null,
            "vpc_id": "vpc-0ab81a6f7696dd1de"
          },
          "sensitive_attributes": [],
          "identity_schema_version": 0,
          "identity": {
            "account_id": "054721838790",
            "id": "rtb-099fd3424edc1cccc",
            "region": "ap-southeast-1"
          },
          "private": "eyJlMmJmYjczMC1lY2FhLTExZTYtOGY4OC0zNDM2M2JjN2M0YzAiOnsiY3JlYXRlIjozMDAwMDAwMDAwMDAsImRlbGV0ZSI6MzAwMDAwMDAwMDAwLCJ1cGRhdGUiOjEyMDAwMDAwMDAwMH19",
          "dependencies": [
            "aws_vpc.backend_vpc_sg"
          ]
        }
      ]
    },
    {
      "mode": "managed",
      "type": "aws_route_table",
      "name": "frontend_rt",
      "provider": "provider[\"registry.terraform.io/hashicorp/aws\"]",
      "instances": [
        {
          "schema_version": 0,
          "attributes": {
            "arn": "arn:aws:ec2:ap-southeast-1:054721838790:route-table/rtb-0b22cfadfa9b761a7",
            "id": "rtb-0b22cfadfa9b761a7",
            "owner_id": "054721838790",
            "propagating_vgws": [],
            "region": "ap-southeast-1",
            "route": [
              {
                "carrier_gateway_id": "",
                "cidr_block": "20.0.0.0/16",
                "core_network_arn": "",
                "destination_prefix_list_id": "",
                "egress_only_gateway_id": "",
                "gateway_id": "",
                "ipv6_cidr_block": "",
                "local_gateway_id": "",
                "nat_gateway_id": "",
                "network_interface_id": "",
                "transit_gateway_id": "",
                "vpc_endpoint_id": "",
                "vpc_peering_connection_id": "pcx-0f981d3f72bd3385d"
              }
            ],
            "tags": {
              "Name": "frontend_rt"
            },
            "tags_all": {
              "Name": "frontend_rt"
            },
            "timeouts": null,
            "vpc_id": "vpc-0f113da8988463296"
          },
          "sensitive_attributes": [],
          "identity_schema_version": 0,
          "identity": {
            "account_id": "054721838790",
            "id": "rtb-0b22cfadfa9b761a7",
            "region": "ap-southeast-1"
          },
          "private": "eyJlMmJmYjczMC1lY2FhLTExZTYtOGY4OC0zNDM2M2JjN2M0YzAiOnsiY3JlYXRlIjozMDAwMDAwMDAwMDAsImRlbGV0ZSI6MzAwMDAwMDAwMDAwLCJ1cGRhdGUiOjEyMDAwMDAwMDAwMH19",
          "dependencies": [
            "aws_vpc.frontend_vpc_sg"
          ]
        }
      ]
    },
    {
      "mode": "managed",
      "type": "aws_route_table",
      "name": "public_rt_sg",
      "provider": "provider[\"registry.terraform.io/hashicorp/aws\"]",
      "instances": [
        {
          "schema_version": 0,
          "attributes": {
            "arn": "arn:aws:ec2:ap-southeast-1:054721838790:route-table/rtb-02bd792a661bb067f",
            "id": "rtb-02bd792a661bb067f",
            "owner_id": "054721838790",
            "propagating_vgws": [],
            "region": "ap-southeast-1",
            "route": [
              {
                "carrier_gateway_id": "",
                "cidr_block": "0.0.0.0/0",
                "core_network_arn": "",
                "destination_prefix_list_id": "",
                "egress_only_gateway_id": "",
                "gateway_id": "igw-0d96054b6ed63137b",
                "ipv6_cidr_block": "",
                "local_gateway_id": "",
                "nat_gateway_id": "",
                "network_interface_id": "",
                "transit_gateway_id": "",
                "vpc_endpoint_id": "",
                "vpc_peering_connection_id": ""
              }
            ],
            "tags": {
              "Name": "public-rt-sg"
            },
            "tags_all": {
              "Name": "public-rt-sg"
            },
            "timeouts": null,
            "vpc_id": "vpc-0f113da8988463296"
          },
          "sensitive_attributes": [],
          "identity_schema_version": 0,
          "identity": {
            "account_id": "054721838790",
            "id": "rtb-02bd792a661bb067f",
            "region": "ap-southeast-1"
          },
          "private": "eyJlMmJmYjczMC1lY2FhLTExZTYtOGY4OC0zNDM2M2JjN2M0YzAiOnsiY3JlYXRlIjozMDAwMDAwMDAwMDAsImRlbGV0ZSI6MzAwMDAwMDAwMDAwLCJ1cGRhdGUiOjEyMDAwMDAwMDAwMH19",
          "dependencies": [
            "aws_vpc.frontend_vpc_sg"
          ]
        }
      ]
    },
    {
      "mode": "managed",
      "type": "aws_route_table_association",
      "name": "backend",
      "provider": "provider[\"registry.terraform.io/hashicorp/aws\"]",
      "instances": [
        {
          "schema_version": 0,
          "attributes": {
            "gateway_id": "",
            "id": "rtbassoc-0b037b685449060da",
            "region": "ap-southeast-1",
            "route_table_id": "rtb-099fd3424edc1cccc",
            "subnet_id": "subnet-0b00ce66a48bdd382",
            "timeouts": null
          },
          "sensitive_attributes": [],
          "identity_schema_version": 0,
          "private": "eyJlMmJmYjczMC1lY2FhLTExZTYtOGY4OC0zNDM2M2JjN2M0YzAiOnsiY3JlYXRlIjozMDAwMDAwMDAwMDAsImRlbGV0ZSI6MzAwMDAwMDAwMDAwLCJ1cGRhdGUiOjEyMDAwMDAwMDAwMH19",
          "dependencies": [
            "aws_route_table.backend_rt",
            "aws_subnet.backend_private",
            "aws_vpc.backend_vpc_sg"
          ]
        }
      ]
    },
    {
      "mode": "managed",
      "type": "aws_route_table_association",
      "name": "frontend",
      "provider": "provider[\"registry.terraform.io/hashicorp/aws\"]",
      "instances": [
        {
          "schema_version": 0,
          "attributes": {
            "gateway_id": "",
            "id": "rtbassoc-030dfaad12e87edcf",
            "region": "ap-southeast-1",
            "route_table_id": "rtb-02bd792a661bb067f",
            "subnet_id": "subnet-0f48cb3db8abdf0fd",
            "timeouts": null
          },
          "sensitive_attributes": [],
          "identity_schema_version": 0,
          "private": "eyJlMmJmYjczMC1lY2FhLTExZTYtOGY4OC0zNDM2M2JjN2M0YzAiOnsiY3JlYXRlIjozMDAwMDAwMDAwMDAsImRlbGV0ZSI6MzAwMDAwMDAwMDAwLCJ1cGRhdGUiOjEyMDAwMDAwMDAwMH19",
          "dependencies": [
            "aws_route_table.public_rt_sg",
            "aws_subnet.frontend_private",
            "aws_vpc.frontend_vpc_sg"
          ]
        }
      ]
    },
    {
      "mode": "managed",
      "type": "aws_security_group",
      "name": "backend_security",
      "provider": "provider[\"registry.terraform.io/hashicorp/aws\"]",
      "instances": [
        {
          "schema_version": 1,
          "attributes": {
            "arn": "arn:aws:ec2:ap-southeast-1:054721838790:security-group/sg-0bb1c9d2aec35c85e",
            "description": "Managed by Terraform",
            "egress": [
              {
                "cidr_blocks": [
                  "0.0.0.0/0"
                ],
                "description": "Allow all outbound",
                "from_port": 0,
                "ipv6_cidr_blocks": [],
                "prefix_list_ids": [],
                "protocol": "-1",
                "security_groups": [],
                "self": false,
                "to_port": 0
              }
            ],
            "id": "sg-0bb1c9d2aec35c85e",
            "ingress": [
              {
                "cidr_blocks": [
                  "0.0.0.0/0"
                ],
                "description": "Vault HTTP",
                "from_port": 8200,
                "ipv6_cidr_blocks": [],
                "prefix_list_ids": [],
                "protocol": "tcp",
                "security_groups": [],
                "self": false,
                "to_port": 8200
              },
              {
                "cidr_blocks": [
                  "10.0.0.0/16"
                ],
                "description": "Allow ICMP Echo Request (ping)",
                "from_port": -1,
                "ipv6_cidr_blocks": [],
                "prefix_list_ids": [],
                "protocol": "icmp",
                "security_groups": [],
                "self": false,
                "to_port": -1
              },
              {
                "cidr_blocks": [
                  "20.0.0.0/16"
                ],
                "description": "Allow HTTPS from inside VPC",
                "from_port": 443,
                "ipv6_cidr_blocks": [],
                "prefix_list_ids": [],
                "protocol": "tcp",
                "security_groups": [],
                "self": false,
                "to_port": 443
              }
            ],
            "name": "backend_security",
            "name_prefix": "",
            "owner_id": "054721838790",
            "region": "ap-southeast-1",
            "revoke_rules_on_delete": false,
            "tags": {
              "Name": "backend_security"
            },
            "tags_all": {
              "Name": "backend_security"
            },
            "timeouts": null,
            "vpc_id": "vpc-0ab81a6f7696dd1de"
          },
          "sensitive_attributes": [],
          "identity_schema_version": 0,
          "identity": {
            "account_id": "054721838790",
            "id": "sg-0bb1c9d2aec35c85e",
            "region": "ap-southeast-1"
          },
          "private": "eyJlMmJmYjczMC1lY2FhLTExZTYtOGY4OC0zNDM2M2JjN2M0YzAiOnsiY3JlYXRlIjo2MDAwMDAwMDAwMDAsImRlbGV0ZSI6OTAwMDAwMDAwMDAwfSwic2NoZW1hX3ZlcnNpb24iOiIxIn0=",
          "dependencies": [
            "aws_vpc.backend_vpc_sg"
          ]
        }
      ]
    },
    {
      "mode": "managed",
      "type": "aws_security_group",
      "name": "frontend_security",
      "provider": "provider[\"registry.terraform.io/hashicorp/aws\"]",
      "instances": [
        {
          "schema_version": 1,
          "attributes": {
            "arn": "arn:aws:ec2:ap-southeast-1:054721838790:security-group/sg-002416052935dbd17",
            "description": "Managed by Terraform",
            "egress": [
              {
                "cidr_blocks": [
                  "0.0.0.0/0"
                ],
                "description": "Allow all outbound",
                "from_port": 0,
                "ipv6_cidr_blocks": [],
                "prefix_list_ids": [],
                "protocol": "-1",
                "security_groups": [],
                "self": false,
                "to_port": 0
              }
            ],
            "id": "sg-002416052935dbd17",
            "ingress": [
              {
                "cidr_blocks": [
                  "10.0.0.0/16"
                ],
                "description": "Allow HTTPS from inside VPC",
                "from_port": 443,
                "ipv6_cidr_blocks": [],
                "prefix_list_ids": [],
                "protocol": "tcp",
                "security_groups": [],
                "self": false,
                "to_port": 443
              },
              {
                "cidr_blocks": [
                  "20.0.0.0/16"
                ],
                "description": "Allow ICMP Echo Request (ping)",
                "from_port": -1,
                "ipv6_cidr_blocks": [],
                "prefix_list_ids": [],
                "protocol": "icmp",
                "security_groups": [],
                "self": false,
                "to_port": -1
              }
            ],
            "name": "frontend_security",
            "name_prefix": "",
            "owner_id": "054721838790",
            "region": "ap-southeast-1",
            "revoke_rules_on_delete": false,
            "tags": {
              "Name": "frontend_security"
            },
            "tags_all": {
              "Name": "frontend_security"
            },
            "timeouts": null,
            "vpc_id": "vpc-0f113da8988463296"
          },
          "sensitive_attributes": [],
          "identity_schema_version": 0,
          "identity": {
            "account_id": "054721838790",
            "id": "sg-002416052935dbd17",
            "region": "ap-southeast-1"
          },
          "private": "eyJlMmJmYjczMC1lY2FhLTExZTYtOGY4OC0zNDM2M2JjN2M0YzAiOnsiY3JlYXRlIjo2MDAwMDAwMDAwMDAsImRlbGV0ZSI6OTAwMDAwMDAwMDAwfSwic2NoZW1hX3ZlcnNpb24iOiIxIn0=",
          "dependencies": [
            "aws_vpc.frontend_vpc_sg"
          ]
        }
      ]
    },
    {
      "mode": "managed",
      "type": "aws_subnet",
      "name": "backend_private",
      "provider": "provider[\"registry.terraform.io/hashicorp/aws\"]",
      "instances": [
        {
          "schema_version": 1,
          "attributes": {
            "arn": "arn:aws:ec2:ap-southeast-1:054721838790:subnet/subnet-0b00ce66a48bdd382",
            "assign_ipv6_address_on_creation": false,
            "availability_zone": "ap-southeast-1a",
            "availability_zone_id": "apse1-az2",
            "cidr_block": "20.0.1.0/24",
            "customer_owned_ipv4_pool": "",
            "enable_dns64": false,
            "enable_lni_at_device_index": 0,
            "enable_resource_name_dns_a_record_on_launch": false,
            "enable_resource_name_dns_aaaa_record_on_launch": false,
            "id": "subnet-0b00ce66a48bdd382",
            "ipv6_cidr_block": "",
            "ipv6_cidr_block_association_id": "",
            "ipv6_native": false,
            "map_customer_owned_ip_on_launch": false,
            "map_public_ip_on_launch": false,
            "outpost_arn": "",
            "owner_id": "054721838790",
            "private_dns_hostname_type_on_launch": "ip-name",
            "region": "ap-southeast-1",
            "tags": {
              "Name": "backend_private"
            },
            "tags_all": {
              "Name": "backend_private"
            },
            "timeouts": null,
            "vpc_id": "vpc-0ab81a6f7696dd1de"
          },
          "sensitive_attributes": [],
          "identity_schema_version": 0,
          "identity": {
            "account_id": "054721838790",
            "id": "subnet-0b00ce66a48bdd382",
            "region": "ap-southeast-1"
          },
          "private": "eyJlMmJmYjczMC1lY2FhLTExZTYtOGY4OC0zNDM2M2JjN2M0YzAiOnsiY3JlYXRlIjo2MDAwMDAwMDAwMDAsImRlbGV0ZSI6MTIwMDAwMDAwMDAwMH0sInNjaGVtYV92ZXJzaW9uIjoiMSJ9",
          "dependencies": [
            "aws_vpc.backend_vpc_sg"
          ]
        }
      ]
    },
    {
      "mode": "managed",
      "type": "aws_subnet",
      "name": "frontend_private",
      "provider": "provider[\"registry.terraform.io/hashicorp/aws\"]",
      "instances": [
        {
          "schema_version": 1,
          "attributes": {
            "arn": "arn:aws:ec2:ap-southeast-1:054721838790:subnet/subnet-0f48cb3db8abdf0fd",
            "assign_ipv6_address_on_creation": false,
            "availability_zone": "ap-southeast-1b",
            "availability_zone_id": "apse1-az1",
            "cidr_block": "10.0.1.0/24",
            "customer_owned_ipv4_pool": "",
            "enable_dns64": false,
            "enable_lni_at_device_index": 0,
            "enable_resource_name_dns_a_record_on_launch": false,
            "enable_resource_name_dns_aaaa_record_on_launch": false,
            "id": "subnet-0f48cb3db8abdf0fd",
            "ipv6_cidr_block": "",
            "ipv6_cidr_block_association_id": "",
            "ipv6_native": false,
            "map_customer_owned_ip_on_launch": false,
            "map_public_ip_on_launch": false,
            "outpost_arn": "",
            "owner_id": "054721838790",
            "private_dns_hostname_type_on_launch": "ip-name",
            "region": "ap-southeast-1",
            "tags": {
              "Name": "frontend_private"
            },
            "tags_all": {
              "Name": "frontend_private"
            },
            "timeouts": null,
            "vpc_id": "vpc-0f113da8988463296"
          },
          "sensitive_attributes": [],
          "identity_schema_version": 0,
          "identity": {
            "account_id": "054721838790",
            "id": "subnet-0f48cb3db8abdf0fd",
            "region": "ap-southeast-1"
          },
          "private": "eyJlMmJmYjczMC1lY2FhLTExZTYtOGY4OC0zNDM2M2JjN2M0YzAiOnsiY3JlYXRlIjo2MDAwMDAwMDAwMDAsImRlbGV0ZSI6MTIwMDAwMDAwMDAwMH0sInNjaGVtYV92ZXJzaW9uIjoiMSJ9",
          "dependencies": [
            "aws_vpc.frontend_vpc_sg"
          ]
        }
      ]
    },
    {
      "mode": "managed",
      "type": "aws_vpc",
      "name": "backend_vpc_sg",
      "provider": "provider[\"registry.terraform.io/hashicorp/aws\"]",
      "instances": [
        {
          "schema_version": 1,
          "attributes": {
            "arn": "arn:aws:ec2:ap-southeast-1:054721838790:vpc/vpc-0ab81a6f7696dd1de",
            "assign_generated_ipv6_cidr_block": false,
            "cidr_block": "20.0.0.0/16",
            "default_network_acl_id": "acl-0fae471c0d3657517",
            "default_route_table_id": "rtb-0ed8baf9c648fc511",
            "default_security_group_id": "sg-02c05e886f76ddf4c",
            "dhcp_options_id": "dopt-052b6b69c4a692dd2",
            "enable_dns_hostnames": true,
            "enable_dns_support": true,
            "enable_network_address_usage_metrics": false,
            "id": "vpc-0ab81a6f7696dd1de",
            "instance_tenancy": "default",
            "ipv4_ipam_pool_id": null,
            "ipv4_netmask_length": null,
            "ipv6_association_id": "",
            "ipv6_cidr_block": "",
            "ipv6_cidr_block_network_border_group": "",
            "ipv6_ipam_pool_id": "",
            "ipv6_netmask_length": 0,
            "main_route_table_id": "rtb-0ed8baf9c648fc511",
            "owner_id": "054721838790",
            "region": "ap-southeast-1",
            "tags": {
              "Name": "backend_vpc_sg",
              "Region": "ap-southeast-1"
            },
            "tags_all": {
              "Name": "backend_vpc_sg",
              "Region": "ap-southeast-1"
            }
          },
          "sensitive_attributes": [],
          "identity_schema_version": 0,
          "identity": {
            "account_id": "054721838790",
            "id": "vpc-0ab81a6f7696dd1de",
            "region": "ap-southeast-1"
          },
          "private": "eyJzY2hlbWFfdmVyc2lvbiI6IjEifQ=="
        }
      ]
    },
    {
      "mode": "managed",
      "type": "aws_vpc",
      "name": "frontend_vpc_sg",
      "provider": "provider[\"registry.terraform.io/hashicorp/aws\"]",
      "instances": [
        {
          "schema_version": 1,
          "attributes": {
            "arn": "arn:aws:ec2:ap-southeast-1:054721838790:vpc/vpc-0f113da8988463296",
            "assign_generated_ipv6_cidr_block": false,
            "cidr_block": "10.0.0.0/16",
            "default_network_acl_id": "acl-030adc0ed1cd7edd6",
            "default_route_table_id": "rtb-0024b8e63433a658f",
            "default_security_group_id": "sg-05817e0242b36eb0c",
            "dhcp_options_id": "dopt-052b6b69c4a692dd2",
            "enable_dns_hostnames": true,
            "enable_dns_support": true,
            "enable_network_address_usage_metrics": false,
            "id": "vpc-0f113da8988463296",
            "instance_tenancy": "default",
            "ipv4_ipam_pool_id": null,
            "ipv4_netmask_length": null,
            "ipv6_association_id": "",
            "ipv6_cidr_block": "",
            "ipv6_cidr_block_network_border_group": "",
            "ipv6_ipam_pool_id": "",
            "ipv6_netmask_length": 0,
            "main_route_table_id": "rtb-0024b8e63433a658f",
            "owner_id": "054721838790",
            "region": "ap-southeast-1",
            "tags": {
              "Name": "frontend_vpc_sg",
              "Region": "ap-southeast-1"
            },
            "tags_all": {
              "Name": "frontend_vpc_sg",
              "Region": "ap-southeast-1"
            }
          },
          "sensitive_attributes": [],
          "identity_schema_version": 0,
          "identity": {
            "account_id": "054721838790",
            "id": "vpc-0f113da8988463296",
            "region": "ap-southeast-1"
          },
          "private": "eyJzY2hlbWFfdmVyc2lvbiI6IjEifQ=="
        }
      ]
    },
    {
      "mode": "managed",
      "type": "aws_vpc_endpoint",
      "name": "ec2messages",
      "provider": "provider[\"registry.terraform.io/hashicorp/aws\"]",
      "instances": [
        {
          "schema_version": 0,
          "attributes": {
            "arn": "arn:aws:ec2:ap-southeast-1:054721838790:vpc-endpoint/vpce-02e44b5c5827c00d1",
            "auto_accept": null,
            "cidr_blocks": [],
            "dns_entry": [
              {
                "dns_name": "vpce-02e44b5c5827c00d1-dnqhvajm.ec2messages.ap-southeast-1.vpce.amazonaws.com",
                "hosted_zone_id": "Z18LLCSTV4NVNL"
              },
              {
                "dns_name": "vpce-02e44b5c5827c00d1-dnqhvajm-ap-southeast-1b.ec2messages.ap-southeast-1.vpce.amazonaws.com",
                "hosted_zone_id": "Z18LLCSTV4NVNL"
              },
              {
                "dns_name": "ec2messages.ap-southeast-1.amazonaws.com",
                "hosted_zone_id": "Z0892001B632Z5MN5MPX"
              }
            ],
            "dns_options": [
              {
                "dns_record_ip_type": "ipv4",
                "private_dns_only_for_inbound_resolver_endpoint": false
              }
            ],
            "id": "vpce-02e44b5c5827c00d1",
            "ip_address_type": "ipv4",
            "network_interface_ids": [
              "eni-036993cd660910e4c"
            ],
            "owner_id": "054721838790",
            "policy": "{\"Statement\":[{\"Action\":\"*\",\"Effect\":\"Allow\",\"Principal\":\"*\",\"Resource\":\"*\"}]}",
            "prefix_list_id": null,
            "private_dns_enabled": true,
            "region": "ap-southeast-1",
            "requester_managed": false,
            "resource_configuration_arn": "",
            "route_table_ids": [],
            "security_group_ids": [
              "sg-002416052935dbd17"
            ],
            "service_name": "com.amazonaws.ap-southeast-1.ec2messages",
            "service_network_arn": "",
            "service_region": "ap-southeast-1",
            "state": "available",
            "subnet_configuration": [
              {
                "ipv4": "10.0.1.191",
                "ipv6": "",
                "subnet_id": "subnet-0f48cb3db8abdf0fd"
              }
            ],
            "subnet_ids": [
              "subnet-0f48cb3db8abdf0fd"
            ],
            "tags": {
              "Name": "vpce-ec2messages"
            },
            "tags_all": {
              "Name": "vpce-ec2messages"
            },
            "timeouts": null,
            "vpc_endpoint_type": "Interface",
            "vpc_id": "vpc-0f113da8988463296"
          },
          "sensitive_attributes": [],
          "identity_schema_version": 0,
          "identity": {
            "account_id": "054721838790",
            "id": "vpce-02e44b5c5827c00d1",
            "region": "ap-southeast-1"
          },
          "private": "eyJlMmJmYjczMC1lY2FhLTExZTYtOGY4OC0zNDM2M2JjN2M0YzAiOnsiY3JlYXRlIjo2MDAwMDAwMDAwMDAsImRlbGV0ZSI6NjAwMDAwMDAwMDAwLCJ1cGRhdGUiOjYwMDAwMDAwMDAwMH19",
          "dependencies": [
            "aws_security_group.frontend_security",
            "aws_subnet.frontend_private",
            "aws_vpc.frontend_vpc_sg"
          ]
        }
      ]
    },
    {
      "mode": "managed",
      "type": "aws_vpc_endpoint",
      "name": "ssm",
      "provider": "provider[\"registry.terraform.io/hashicorp/aws\"]",
      "instances": [
        {
          "schema_version": 0,
          "attributes": {
            "arn": "arn:aws:ec2:ap-southeast-1:054721838790:vpc-endpoint/vpce-073b7baab9fa4cd61",
            "auto_accept": null,
            "cidr_blocks": [],
            "dns_entry": [
              {
                "dns_name": "vpce-073b7baab9fa4cd61-wzw3v8pg.ssm.ap-southeast-1.vpce.amazonaws.com",
                "hosted_zone_id": "Z18LLCSTV4NVNL"
              },
              {
                "dns_name": "vpce-073b7baab9fa4cd61-wzw3v8pg-ap-southeast-1b.ssm.ap-southeast-1.vpce.amazonaws.com",
                "hosted_zone_id": "Z18LLCSTV4NVNL"
              },
              {
                "dns_name": "ssm.ap-southeast-1.amazonaws.com",
                "hosted_zone_id": "Z00245273S41LH19X5MV"
              },
              {
                "dns_name": "ssm.ap-southeast-1.api.aws",
                "hosted_zone_id": "Z00245622RF7ZXQ4XEYA0"
              }
            ],
            "dns_options": [
              {
                "dns_record_ip_type": "ipv4",
                "private_dns_only_for_inbound_resolver_endpoint": false
              }
            ],
            "id": "vpce-073b7baab9fa4cd61",
            "ip_address_type": "ipv4",
            "network_interface_ids": [
              "eni-097b137dc82427c48"
            ],
            "owner_id": "054721838790",
            "policy": "{\"Statement\":[{\"Action\":\"*\",\"Effect\":\"Allow\",\"Principal\":\"*\",\"Resource\":\"*\"}]}",
            "prefix_list_id": null,
            "private_dns_enabled": true,
            "region": "ap-southeast-1",
            "requester_managed": false,
            "resource_configuration_arn": "",
            "route_table_ids": [],
            "security_group_ids": [
              "sg-002416052935dbd17"
            ],
            "service_name": "com.amazonaws.ap-southeast-1.ssm",
            "service_network_arn": "",
            "service_region": "ap-southeast-1",
            "state": "available",
            "subnet_configuration": [
              {
                "ipv4": "10.0.1.217",
                "ipv6": "",
                "subnet_id": "subnet-0f48cb3db8abdf0fd"
              }
            ],
            "subnet_ids": [
              "subnet-0f48cb3db8abdf0fd"
            ],
            "tags": {
              "Name": "vpc_endpoint_ssm"
            },
            "tags_all": {
              "Name": "vpc_endpoint_ssm"
            },
            "timeouts": null,
            "vpc_endpoint_type": "Interface",
            "vpc_id": "vpc-0f113da8988463296"
          },
          "sensitive_attributes": [],
          "identity_schema_version": 0,
          "identity": {
            "account_id": "054721838790",
            "id": "vpce-073b7baab9fa4cd61",
            "region": "ap-southeast-1"
          },
          "private": "eyJlMmJmYjczMC1lY2FhLTExZTYtOGY4OC0zNDM2M2JjN2M0YzAiOnsiY3JlYXRlIjo2MDAwMDAwMDAwMDAsImRlbGV0ZSI6NjAwMDAwMDAwMDAwLCJ1cGRhdGUiOjYwMDAwMDAwMDAwMH19",
          "dependencies": [
            "aws_security_group.frontend_security",
            "aws_subnet.frontend_private",
            "aws_vpc.frontend_vpc_sg"
          ]
        }
      ]
    },
    {
      "mode": "managed",
      "type": "aws_vpc_endpoint",
      "name": "ssmmessages",
      "provider": "provider[\"registry.terraform.io/hashicorp/aws\"]",
      "instances": [
        {
          "schema_version": 0,
          "attributes": {
            "arn": "arn:aws:ec2:ap-southeast-1:054721838790:vpc-endpoint/vpce-0fdd6b599e77d6a08",
            "auto_accept": null,
            "cidr_blocks": [],
            "dns_entry": [
              {
                "dns_name": "vpce-0fdd6b599e77d6a08-j90nvt5t.ssmmessages.ap-southeast-1.vpce.amazonaws.com",
                "hosted_zone_id": "Z18LLCSTV4NVNL"
              },
              {
                "dns_name": "vpce-0fdd6b599e77d6a08-j90nvt5t-ap-southeast-1b.ssmmessages.ap-southeast-1.vpce.amazonaws.com",
                "hosted_zone_id": "Z18LLCSTV4NVNL"
              },
              {
                "dns_name": "ssmmessages.ap-southeast-1.amazonaws.com",
                "hosted_zone_id": "Z10004872SINAM4BGJHRZ"
              }
            ],
            "dns_options": [
              {
                "dns_record_ip_type": "ipv4",
                "private_dns_only_for_inbound_resolver_endpoint": false
              }
            ],
            "id": "vpce-0fdd6b599e77d6a08",
            "ip_address_type": "ipv4",
            "network_interface_ids": [
              "eni-0bf409d8bd89c861e"
            ],
            "owner_id": "054721838790",
            "policy": "{\"Statement\":[{\"Action\":\"*\",\"Effect\":\"Allow\",\"Principal\":\"*\",\"Resource\":\"*\"}]}",
            "prefix_list_id": null,
            "private_dns_enabled": true,
            "region": "ap-southeast-1",
            "requester_managed": false,
            "resource_configuration_arn": "",
            "route_table_ids": [],
            "security_group_ids": [
              "sg-002416052935dbd17"
            ],
            "service_name": "com.amazonaws.ap-southeast-1.ssmmessages",
            "service_network_arn": "",
            "service_region": "ap-southeast-1",
            "state": "available",
            "subnet_configuration": [
              {
                "ipv4": "10.0.1.39",
                "ipv6": "",
                "subnet_id": "subnet-0f48cb3db8abdf0fd"
              }
            ],
            "subnet_ids": [
              "subnet-0f48cb3db8abdf0fd"
            ],
            "tags": {
              "Name": "vpc_endpoint_ssmmessages"
            },
            "tags_all": {
              "Name": "vpc_endpoint_ssmmessages"
            },
            "timeouts": null,
            "vpc_endpoint_type": "Interface",
            "vpc_id": "vpc-0f113da8988463296"
          },
          "sensitive_attributes": [],
          "identity_schema_version": 0,
          "identity": {
            "account_id": "054721838790",
            "id": "vpce-0fdd6b599e77d6a08",
            "region": "ap-southeast-1"
          },
          "private": "eyJlMmJmYjczMC1lY2FhLTExZTYtOGY4OC0zNDM2M2JjN2M0YzAiOnsiY3JlYXRlIjo2MDAwMDAwMDAwMDAsImRlbGV0ZSI6NjAwMDAwMDAwMDAwLCJ1cGRhdGUiOjYwMDAwMDAwMDAwMH19",
          "dependencies": [
            "aws_security_group.frontend_security",
            "aws_subnet.frontend_private",
            "aws_vpc.frontend_vpc_sg"
          ]
        }
      ]
    },
    {
      "mode": "managed",
      "type": "aws_vpc_peering_connection",
      "name": "sample_peer",
      "provider": "provider[\"registry.terraform.io/hashicorp/aws\"]",
      "instances": [
        {
          "schema_version": 0,
          "attributes": {
            "accept_status": "active",
            "accepter": [
              {
                "allow_remote_vpc_dns_resolution": false
              }
            ],
            "auto_accept": true,
            "id": "pcx-0f981d3f72bd3385d",
            "peer_owner_id": "054721838790",
            "peer_region": "ap-southeast-1",
            "peer_vpc_id": "vpc-0ab81a6f7696dd1de",
            "region": "ap-southeast-1",
            "requester": [
              {
                "allow_remote_vpc_dns_resolution": false
              }
            ],
            "tags": {
              "Name": "VPC Peering between frontend and backend"
            },
            "tags_all": {
              "Name": "VPC Peering between frontend and backend"
            },
            "timeouts": null,
            "vpc_id": "vpc-0f113da8988463296"
          },
          "sensitive_attributes": [],
          "identity_schema_version": 0,
          "private": "eyJlMmJmYjczMC1lY2FhLTExZTYtOGY4OC0zNDM2M2JjN2M0YzAiOnsiY3JlYXRlIjo2MDAwMDAwMDAwMCwiZGVsZXRlIjo2MDAwMDAwMDAwMCwidXBkYXRlIjo2MDAwMDAwMDAwMH19",
          "dependencies": [
            "aws_vpc.backend_vpc_sg",
            "aws_vpc.frontend_vpc_sg"
          ]
        }
      ]
    },
    {
      "mode": "managed",
      "type": "aws_vpc_peering_connection_accepter",
      "name": "peer",
      "provider": "provider[\"registry.terraform.io/hashicorp/aws\"]",
      "instances": [
        {
          "schema_version": 0,
          "attributes": {
            "accept_status": "active",
            "accepter": [
              {
                "allow_remote_vpc_dns_resolution": false
              }
            ],
            "auto_accept": true,
            "id": "pcx-0bec3c7b468010c4a",
            "peer_owner_id": "711387098594",
            "peer_region": "ap-southeast-1",
            "peer_vpc_id": "vpc-08d0a521077cf145d",
            "region": "ap-southeast-1",
            "requester": [],
            "tags": {},
            "tags_all": {},
            "timeouts": null,
            "vpc_id": "vpc-0f113da8988463296",
            "vpc_peering_connection_id": "pcx-0bec3c7b468010c4a"
          },
          "sensitive_attributes": [],
          "identity_schema_version": 0,
          "private": "eyJlMmJmYjczMC1lY2FhLTExZTYtOGY4OC0zNDM2M2JjN2M0YzAiOnsiY3JlYXRlIjo2MDAwMDAwMDAwMCwidXBkYXRlIjo2MDAwMDAwMDAwMH19",
          "dependencies": [
            "aws_vpc.frontend_vpc_sg",
            "data.aws_vpc.frontend_vpc_sg",
            "hcp_aws_network_peering.peer",
            "hcp_hvn.vault_hvn"
          ]
        }
      ]
    },
    {
      "mode": "managed",
      "type": "hcp_aws_network_peering",
      "name": "peer",
      "provider": "provider[\"registry.terraform.io/hashicorp/hcp\"]",
      "instances": [
        {
          "schema_version": 0,
          "attributes": {
            "created_at": "2025-10-23T13:53:13.000Z",
            "expires_at": "2025-10-30T13:53:13.000Z",
            "hvn_id": "vault-hvn",
            "id": "/project/00a4edd5-877a-4cc4-acfe-4f9c2fc2367f/hashicorp.network.peering/vault-aws-peering",
            "organization_id": "6c843ac5-0819-4561-af76-94c2ae09db40",
            "peer_account_id": "054721838790",
            "peer_vpc_id": "vpc-0f113da8988463296",
            "peer_vpc_region": "ap-southeast-1",
            "peering_id": "vault-aws-peering",
            "project_id": "00a4edd5-877a-4cc4-acfe-4f9c2fc2367f",
            "provider_peering_id": "pcx-0bec3c7b468010c4a",
            "self_link": "/project/00a4edd5-877a-4cc4-acfe-4f9c2fc2367f/hashicorp.network.peering/vault-aws-peering",
            "state": "ACTIVE",
            "timeouts": null
          },
          "sensitive_attributes": [],
          "identity_schema_version": 0,
          "private": "eyJlMmJmYjczMC1lY2FhLTExZTYtOGY4OC0zNDM2M2JjN2M0YzAiOnsiY3JlYXRlIjoyMTAwMDAwMDAwMDAwLCJkZWZhdWx0Ijo2MDAwMDAwMDAwMCwiZGVsZXRlIjoyMTAwMDAwMDAwMDAwLCJyZWFkIjo2MDAwMDAwMDAwMCwidXBkYXRlIjo2MDAwMDAwMDAwMH19",
          "dependencies": [
            "aws_vpc.frontend_vpc_sg",
            "data.aws_vpc.frontend_vpc_sg",
            "hcp_hvn.vault_hvn"
          ]
        }
      ]
    },
    {
      "mode": "managed",
      "type": "hcp_hvn",
      "name": "vault_hvn",
      "provider": "provider[\"registry.terraform.io/hashicorp/hcp\"]",
      "instances": [
        {
          "schema_version": 0,
          "attributes": {
            "cidr_block": "192.168.0.0/20",
            "cloud_provider": "aws",
            "created_at": "2025-10-23T13:51:13.000Z",
            "hvn_id": "vault-hvn",
            "id": "/project/00a4edd5-877a-4cc4-acfe-4f9c2fc2367f/hashicorp.network.hvn/vault-hvn",
            "organization_id": "6c843ac5-0819-4561-af76-94c2ae09db40",
            "project_id": "00a4edd5-877a-4cc4-acfe-4f9c2fc2367f",
            "provider_account_id": "711387098594",
            "region": "ap-southeast-1",
            "self_link": "/project/00a4edd5-877a-4cc4-acfe-4f9c2fc2367f/hashicorp.network.hvn/vault-hvn",
            "state": "STABLE",
            "timeouts": null
          },
          "sensitive_attributes": [],
          "identity_schema_version": 0,
          "private": "eyJlMmJmYjczMC1lY2FhLTExZTYtOGY4OC0zNDM2M2JjN2M0YzAiOnsiY3JlYXRlIjo2MDAwMDAwMDAwMDAsImRlZmF1bHQiOjYwMDAwMDAwMDAwLCJkZWxldGUiOjYwMDAwMDAwMDAwMCwicmVhZCI6NjAwMDAwMDAwMDAsInVwZGF0ZSI6NjAwMDAwMDAwMDB9fQ=="
        }
      ]
    },
    {
      "mode": "managed",
      "type": "hcp_hvn_route",
      "name": "vault_to_aws",
      "provider": "provider[\"registry.terraform.io/hashicorp/hcp\"]",
      "instances": [
        {
          "schema_version": 0,
          "attributes": {
            "azure_config": [],
            "created_at": "2025-10-23T13:53:17.000Z",
            "destination_cidr": "10.0.0.0/16",
            "hvn_link": "/project/00a4edd5-877a-4cc4-acfe-4f9c2fc2367f/hashicorp.network.hvn/vault-hvn",
            "hvn_route_id": "vault-to-aws-route",
            "id": "/project/00a4edd5-877a-4cc4-acfe-4f9c2fc2367f/hashicorp.network.route/vault-to-aws-route",
            "project_id": "00a4edd5-877a-4cc4-acfe-4f9c2fc2367f",
            "self_link": "/project/00a4edd5-877a-4cc4-acfe-4f9c2fc2367f/hashicorp.network.route/vault-to-aws-route",
            "state": "ACTIVE",
            "target_link": "/project/00a4edd5-877a-4cc4-acfe-4f9c2fc2367f/hashicorp.network.peering/vault-aws-peering",
            "timeouts": null
          },
          "sensitive_attributes": [],
          "identity_schema_version": 0,
          "private": "eyJlMmJmYjczMC1lY2FhLTExZTYtOGY4OC0zNDM2M2JjN2M0YzAiOnsiY3JlYXRlIjoyMTAwMDAwMDAwMDAwLCJkZWZhdWx0Ijo2MDAwMDAwMDAwMCwiZGVsZXRlIjoxNTAwMDAwMDAwMDAwLCJyZWFkIjo2MDAwMDAwMDAwMCwidXBkYXRlIjo2MDAwMDAwMDAwMH19",
          "dependencies": [
            "aws_vpc.frontend_vpc_sg",
            "data.aws_vpc.frontend_vpc_sg",
            "hcp_aws_network_peering.peer",
            "hcp_hvn.vault_hvn"
          ]
        }
      ]
    },
    {
      "mode": "managed",
      "type": "hcp_vault_cluster",
      "name": "vault",
      "provider": "provider[\"registry.terraform.io/hashicorp/hcp\"]",
      "instances": [
        {
          "schema_version": 0,
          "attributes": {
            "audit_log_config": [],
            "cloud_provider": "aws",
            "cluster_id": "my-vault-cluster",
            "created_at": "2025-10-23T13:53:13.146Z",
            "hvn_id": "vault-hvn",
            "id": "/project/00a4edd5-877a-4cc4-acfe-4f9c2fc2367f/hashicorp.vault.cluster/my-vault-cluster",
            "ip_allowlist": [],
            "major_version_upgrade_config": [
              {
                "maintenance_window_day": "",
                "maintenance_window_time": "",
                "upgrade_type": "AUTOMATIC"
              }
            ],
            "metrics_config": [],
            "min_vault_version": null,
            "namespace": "admin",
            "organization_id": "6c843ac5-0819-4561-af76-94c2ae09db40",
            "paths_filter": null,
            "primary_link": null,
            "project_id": "00a4edd5-877a-4cc4-acfe-4f9c2fc2367f",
            "proxy_endpoint": "DISABLED",
            "public_endpoint": false,
            "region": "ap-southeast-1",
            "self_link": "/project/00a4edd5-877a-4cc4-acfe-4f9c2fc2367f/hashicorp.vault.cluster/my-vault-cluster",
            "state": "RUNNING",
            "tier": "DEV",
            "timeouts": null,
            "vault_private_endpoint_url": "https://my-vault-cluster-private-vault-be763351.2e7c6e6c.z1.hashicorp.cloud:8200",
            "vault_proxy_endpoint_url": "",
            "vault_public_endpoint_url": null,
            "vault_version": "v1.20.3"
          },
          "sensitive_attributes": [],
          "identity_schema_version": 0,
          "private": "eyJlMmJmYjczMC1lY2FhLTExZTYtOGY4OC0zNDM2M2JjN2M0YzAiOnsiY3JlYXRlIjo0NTAwMDAwMDAwMDAwLCJkZWZhdWx0IjozMDAwMDAwMDAwMDAsImRlbGV0ZSI6NDUwMDAwMDAwMDAwMCwicmVhZCI6MzAwMDAwMDAwMDAwLCJ1cGRhdGUiOjQ1MDAwMDAwMDAwMDB9fQ==",
          "dependencies": [
            "hcp_hvn.vault_hvn"
          ]
        }
      ]
    },
    {
      "mode": "managed",
      "type": "hcp_vault_cluster_admin_token",
      "name": "admin_token",
      "provider": "provider[\"registry.terraform.io/hashicorp/hcp\"]",
      "instances": [
        {
          "schema_version": 0,
          "attributes": {
            "cluster_id": "my-vault-cluster",
            "created_at": "2025-10-23T22:02:25+08:00",
            "id": "/project/00a4edd5-877a-4cc4-acfe-4f9c2fc2367f/hashicorp.vault.cluster/my-vault-cluster/token",
            "project_id": null,
            "timeouts": null,
            "token": "hvs.CAESIJwnADUAaFSpoFTkgrodIWXsEdwQM4fkiQIeXhIPatRfGicKImh2cy5YN1hzaUc5TWJMcklOdXpqWkRBQzNEeHEueWxadDEQrQE"
          },
          "sensitive_attributes": [
            [
              {
                "type": "get_attr",
                "value": "token"
              }
            ]
          ],
          "identity_schema_version": 0,
          "private": "eyJlMmJmYjczMC1lY2FhLTExZTYtOGY4OC0zNDM2M2JjN2M0YzAiOnsiY3JlYXRlIjozMDAwMDAwMDAwMDAsImRlbGV0ZSI6MzAwMDAwMDAwMDAwLCJyZWFkIjozMDAwMDAwMDAwMDB9fQ==",
          "dependencies": [
            "hcp_hvn.vault_hvn",
            "hcp_vault_cluster.vault"
          ]
        }
      ]
    }
  ],
  "check_results": null
}
